
Microsoft Visual Studio Solution File, Format Version 12.00
# Visual Studio Version 17
VisualStudioVersion = 17.5.002.0
MinimumVisualStudioVersion = 10.0.40219.1
Project("{9A19103F-16F7-4668-BE54-9A1E7A4F7556}") = "MvcMovie", "MvcMovie.csproj", "{EF192202-33A1-4F5B-A651-A2479E2DB09B}"
EndProject
Global
	GlobalSection(SolutionConfigurationPlatforms) = preSolution
		Debug|Any CPU = Debug|Any CPU
		Release|Any CPU = Release|Any CPU
	EndGlobalSection
	GlobalSection(ProjectConfigurationPlatforms) = postSolution
		{EF192202-33A1-4F5B-A651-A2479E2DB09B}.Debug|Any CPU.ActiveCfg = Debug|Any CPU
		{EF192202-33A1-4F5B-A651-A2479E2DB09B}.Debug|Any CPU.Build.0 = Debug|Any CPU
		{EF192202-33A1-4F5B-A651-A2479E2DB09B}.Release|Any CPU.ActiveCfg = Release|Any CPU
		{EF192202-33A1-4F5B-A651-A2479E2DB09B}.Release|Any CPU.Build.0 = Release|Any CPU
	EndGlobalSection
	GlobalSection(SolutionProperties) = preSolution
		HideSolutionNode = FALSE
	EndGlobalSection
	GlobalSection(ExtensibilityGlobals) = postSolution
		SolutionGuid = {77B01650-C127-4036-BE0B-FD923BFC66AE}
	EndGlobalSection
EndGlobal
